// !$*UTF8*$!
{
	archiveVersion = 1;
	classes = {
	};
	objectVersion = 50;
	objects = {

/* Begin PBXBuildFile section */
		C2E7BBC4230D6DB400C8980A /* AppDelegate.swift in Sources */ = {isa = PBXBuildFile; fileRef = C2E7BBC3230D6DB400C8980A /* AppDelegate.swift */; };
		C2E7BBC6230D6DB400C8980A /* ViewController.swift in Sources */ = {isa = PBXBuildFile; fileRef = C2E7BBC5230D6DB400C8980A /* ViewController.swift */; };
		C2E7BBC9230D6DB400C8980A /* Main.storyboard in Resources */ = {isa = PBXBuildFile; fileRef = C2E7BBC7230D6DB400C8980A /* Main.storyboard */; };
		C2E7BBCB230D6DB500C8980A /* Assets.xcassets in Resources */ = {isa = PBXBuildFile; fileRef = C2E7BBCA230D6DB500C8980A /* Assets.xcassets */; };
		C2E7BBCE230D6DB500C8980A /* LaunchScreen.storyboard in Resources */ = {isa = PBXBuildFile; fileRef = C2E7BBCC230D6DB500C8980A /* LaunchScreen.storyboard */; };
/* End PBXBuildFile section */

/* Begin PBXFileReference section */
		C2E7BBC0230D6DB400C8980A /* calorie-counter.app */ = {isa = PBXFileReference; explicitFileType = wrapper.application; includeInIndex = 0; path = "calorie-counter.app"; sourceTree = BUILT_PRODUCTS_DIR; };
		C2E7BBC3230D6DB400C8980A /* AppDelegate.swift */ = {isa = PBXFileReference; lastKnownFileType = sourcecode.swift; path = AppDelegate.swift; sourceTree = "<group>"; };
		C2E7BBC5230D6DB400C8980A /* ViewController.swift */ = {isa = PBXFileReference; lastKnownFileType = sourcecode.swift; path = ViewController.swift; sourceTree = "<group>"; };
		C2E7BBC8230D6DB400C8980A /* Base */ = {isa = PBXFileReference; lastKnownFileType = file.storyboard; name = Base; path = Base.lproj/Main.storyboard; sourceTree = "<group>"; };
		C2E7BBCA230D6DB500C8980A /* Assets.xcassets */ = {isa = PBXFileReference; lastKnownFileType = folder.assetcatalog; path = Assets.xcassets; sourceTree = "<group>"; };
		C2E7BBCD230D6DB500C8980A /* Base */ = {isa = PBXFileReference; lastKnownFileType = file.storyboard; name = Base; path = Base.lproj/LaunchScreen.storyboard; sourceTree = "<group>"; };
		C2E7BBCF230D6DB500C8980A /* Info.plist */ = {isa = PBXFileReference; lastKnownFileType = text.plist.xml; path = Info.plist; sourceTree = "<group>"; };
/* End PBXFileReference section */

/* Begin PBXFrameworksBuildPhase section */
		C2E7BBBD230D6DB400C8980A /* Frameworks */ = {
			isa = PBXFrameworksBuildPhase;
			buildActionMask = 2147483647;
			files = (
			);
			runOnlyForDeploymentPostprocessing = 0;
		};
/* End PBXFrameworksBuildPhase section */

/* Begin PBXGroup section */
		C2E7BBB7230D6DB400C8980A = {
			isa = PBXGroup;
			children = (
				C2E7BBC2230D6DB400C8980A /* calorie-counter */,
				C2E7BBC1230D6DB400C8980A /* Products */,
			);
			sourceTree = "<group>";
		};
		C2E7BBC1230D6DB400C8980A /* Products */ = {
			isa = PBXGroup;
			children = (
				C2E7BBC0230D6DB400C8980A /* calorie-counter.app */,
			);
			name = Products;
			sourceTree = "<group>";
		};
		C2E7BBC2230D6DB400C8980A /* calorie-counter */ = {
			isa = PBXGroup;
			children = (
				C2E7BBC3230D6DB400C8980A /* AppDelegate.swift */,
				C2E7BBC5230D6DB400C8980A /* ViewController.swift */,
				C2E7BBC7230D6DB400C8980A /* Main.storyboard */,
				C2E7BBCA230D6DB500C8980A /* Assets.xcassets */,
				C2E7BBCC230D6DB500C8980A /* LaunchScreen.storyboard */,
				C2E7BBCF230D6DB500C8980A /* Info.plist */,
			);
			path = "calorie-counter";
			sourceTree = "<group>";
		};
/* End PBXGroup section */

/* Begin PBXNativeTarget section */
		C2E7BBBF230D6DB400C8980A /* calorie-counter */ = {
			isa = PBXNativeTarget;
			buildConfigurationList = C2E7BBD2230D6DB500C8980A /* Build configuration list for PBXNativeTarget "calorie-counter" */;
			buildPhases = (
				C2E7BBBC230D6DB400C8980A /* Sources */,
				C2E7BBBD230D6DB400C8980A /* Frameworks */,
				C2E7BBBE230D6DB400C8980A /* Resources */,
			);
			buildRules = (
			);
			dependencies = (
			);
			name = "calorie-counter";
			productName = "calorie-counter";
			productReference = C2E7BBC0230D6DB400C8980A /* calorie-counter.app */;
			productType = "com.apple.product-type.application";
		};
/* End PBXNativeTarget section */

/* Begin PBXProject section */
		C2E7BBB8230D6DB400C8980A /* Project object */ = {
			isa = PBXProject;
			attributes = {
				LastSwiftUpdateCheck = 1010;
				LastUpgradeCheck = 1010;
				ORGANIZATIONNAME = Sabin;
				TargetAttributes = {
					C2E7BBBF230D6DB400C8980A = {
						CreatedOnToolsVersion = 10.1;
					};
				};
			};
			buildConfigurationList = C2E7BBBB230D6DB400C8980A /* Build configuration list for PBXProject "calorie-counter" */;
			compatibilityVersion = "Xcode 9.3";
			developmentRegion = en;
			hasScannedForEncodings = 0;
			knownRegions = (
				en,
				Base,
			);
			mainGroup = C2E7BBB7230D6DB400C8980A;
			productRefGroup = C2E7BBC1230D6DB400C8980A /* Products */;
			projectDirPath = "";
			projectRoot = "";
			targets = (
				C2E7BBBF230D6DB400C8980A /* calorie-counter */,
			);
		};
/* End PBXProject section */

/* Begin PBXResourcesBuildPhase section */
		C2E7BBBE230D6DB400C8980A /* Resources */ = {
			isa = PBXResourcesBuildPhase;
			buildActionMask = 2147483647;
			files = (
				C2E7BBCE230D6DB500C8980A /* LaunchScreen.storyboard in Resources */,
				C2E7BBCB230D6DB500C8980A /* Assets.xcassets in Resources */,
				C2E7BBC9230D6DB400C8980A /* Main.storyboard in Resources */,
			);
			runOnlyForDeploymentPostprocessing = 0;
		};
/* End PBXResourcesBuildPhase section */

/* Begin PBXSourcesBuildPhase section */
		C2E7BBBC230D6DB400C8980A /* Sources */ = {
			isa = PBXSourcesBuildPhase;
			buildActionMask = 2147483647;
			files = (
				C2E7BBC6230D6DB400C8980A /* ViewController.swift in Sources */,
				C2E7BBC4230D6DB400C8980A /* AppDelegate.swift in Sources */,
			);
			runOnlyForDeploymentPostprocessing = 0;
		};
/* End PBXSourcesBuildPhase section */

/* Begin PBXVariantGroup section */
		C2E7BBC7230D6DB400C8980A /* Main.storyboard */ = {
			isa = PBXVariantGroup;
			children = (
				C2E7BBC8230D6DB400C8980A /* Base */,
			);
			name = Main.storyboard;
			sourceTree = "<group>";
		};
		C2E7BBCC230D6DB500C8980A /* LaunchScreen.storyboard */ = {
			isa = PBXVariantGroup;
			children = (
				C2E7BBCD230D6DB500C8980A /* Base */,
			);
			name = LaunchScreen.storyboard;
			sourceTree = "<group>";
		};
/* End PBXVariantGroup section */

/* Begin XCBuildConfiguration section */
		C2E7BBD0230D6DB500C8980A /* Debug */ = {
			isa = XCBuildConfiguration;
			buildSettings = {
				ALWAYS_SEARCH_USER_PATHS = NO;
				CLANG_ANALYZER_NONNULL = YES;
				CLANG_ANALYZER_NUMBER_OBJECT_CONVERSION = YES_AGGRESSIVE;
				CLANG_CXX_LANGUAGE_STANDARD = "gnu++14";
				CLANG_CXX_LIBRARY = "libc++";
				CLANG_ENABLE_MODULES = YES;
				CLANG_ENABLE_OBJC_ARC = YES;
				CLANG_ENABLE_OBJC_WEAK = YES;
				CLANG_WARN_BLOCK_CAPTURE_AUTORELEASING = YES;
				CLANG_WARN_BOOL_CONVERSION = YES;
				CLANG_WARN_COMMA = YES;
				CLANG_WARN_CONSTANT_CONVERSION = YES;
				CLANG_WARN_DEPRECATED_OBJC_IMPLEMENTATIONS = YES;
				CLANG_WARN_DIRECT_OBJC_ISA_USAGE = YES_ERROR;
				CLANG_WARN_DOCUMENTATION_COMMENTS = YES;
				CLANG_WARN_EMPTY_BODY = YES;
				CLANG_WARN_ENUM_CONVERSION = YES;
				CLANG_WARN_INFINITE_RECURSION = YES;
				CLANG_WARN_INT_CONVERSION = YES;
				CLANG_WARN_NON_LITERAL_NULL_CONVERSION = YES;
				CLANG_WARN_OBJC_IMPLICIT_RETAIN_SELF = YES;
				CLANG_WARN_OBJC_LITERAL_CONVERSION = YES;
				CLANG_WARN_OBJC_ROOT_CLASS = YES_ERROR;
				CLANG_WARN_RANGE_LOOP_ANALYSIS = YES;
				CLANG_WARN_STRICT_PROTOTYPES = YES;
				CLANG_WARN_SUSPICIOUS_MOVE = YES;
				CLANG_WARN_UNGUARDED_AVAILABILITY = YES_AGGRESSIVE;
				CLANG_WARN_UNREACHABLE_CODE = YES;
				CLANG_WARN__DUPLICATE_METHOD_MATCH = YES;
				CODE_SIGN_IDENTITY = "iPhone Developer";
				COPY_PHASE_STRIP = NO;
				DEBUG_INFORMATION_FORMAT = dwarf;
				ENABLE_STRICT_OBJC_MSGSEND = YES;
				ENABLE_TESTABILITY = YES;
				GCC_C_LANGUAGE_STANDARD = gnu11;
				GCC_DYNAMIC_NO_PIC = NO;
				GCC_NO_COMMON_BLOCKS = YES;
				GCC_OPTIMIZATION_LEVEL = 0;
				GCC_PREPROCESSOR_DEFINITIONS = (
					"DEBUG=1",
					"$(inherited)",
				);
				GCC_WARN_64_TO_32_BIT_CONVERSION = YES;
				GCC_WARN_ABOUT_RETURN_TYPE = YES_ERROR;
				GCC_WARN_UNDECLARED_SELECTOR = YES;
				GCC_WARN_UNINITIALIZED_AUTOS = YES_AGGRESSIVE;
				GCC_WARN_UNUSED_FUNCTION = YES;
				GCC_WARN_UNUSED_VARIABLE = YES;
				IPHONEOS_DEPLOYMENT_TARGET = 12.1;
				MTL_ENABLE_DEBUG_INFO = INCLUDE_SOURCE;
				MTL_FAST_MATH = YES;
				ONLY_ACTIVE_ARCH = YES;
				SDKROOT = iphoneos;
				SWIFT_ACTIVE_COMPILATION_CONDITIONS = DEBUG;
				SWIFT_OPTIMIZATION_LEVEL = "-Onone";
			};
			name = Debug;
		};
		C2E7BBD1230D6DB500C8980A /* Release */ = {
			isa = XCBuildConfiguration;
			buildSettings = {
				ALWAYS_SEARCH_USER_PATHS = NO;
				CLANG_ANALYZER_NONNULL = YES;
				CLANG_ANALYZER_NUMBER_OBJECT_CONVERSION = YES_AGGRESSIVE;
				CLANG_CXX_LANGUAGE_STANDARD = "gnu++14";
				CLANG_CXX_LIBRARY = "libc++";
				CLANG_ENABLE_MODULES = YES;
				CLANG_ENABLE_OBJC_ARC = YES;
				CLANG_ENABLE_OBJC_WEAK = YES;
				CLANG_WARN_BLOCK_CAPTURE_AUTORELEASING = YES;
				CLANG_WARN_BOOL_CONVERSION = YES;
				CLANG_WARN_COMMA = YES;
				CLANG_WARN_CONSTANT_CONVERSION = YES;
				CLANG_WARN_DEPRECATED_OBJC_IMPLEMENTATIONS = YES;
				CLANG_WARN_DIRECT_OBJC_ISA_USAGE = YES_ERROR;
				CLANG_WARN_DOCUMENTATION_COMMENTS = YES;
				CLANG_WARN_EMPTY_BODY = YES;
				CLANG_WARN_ENUM_CONVERSION = YES;
				CLANG_WARN_INFINITE_RECURSION = YES;
				CLANG_WARN_INT_CONVERSION = YES;
				CLANG_WARN_NON_LITERAL_NULL_CONVERSION = YES;
				CLANG_WARN_OBJC_IMPLICIT_RETAIN_SELF = YES;
				CLANG_WARN_OBJC_LITERAL_CONVERSION = YES;
				CLANG_WARN_OBJC_ROOT_CLASS = YES_ERROR;
				CLANG_WARN_RANGE_LOOP_ANALYSIS = YES;
				CLANG_WARN_STRICT_PROTOTYPES = YES;
				CLANG_WARN_SUSPICIOUS_MOVE = YES;
				CLANG_WARN_UNGUARDED_AVAILABILITY = YES_AGGRESSIVE;
				CLANG_WARN_UNREACHABLE_CODE = YES;
				CLANG_WARN__DUPLICATE_METHOD_MATCH = YES;
				CODE_SIGN_IDENTITY = "iPhone Developer";
				COPY_PHASE_STRIP = NO;
				DEBUG_INFORMATION_FORMAT = "dwarf-with-dsym";
				ENABLE_NS_ASSERTIONS = NO;
				ENABLE_STRICT_OBJC_MSGSEND = YES;
				GCC_C_LANGUAGE_STANDARD = gnu11;
				GCC_NO_COMMON_BLOCKS = YES;
				GCC_WARN_64_TO_32_BIT_CONVERSION = YES;
				GCC_WARN_ABOUT_RETURN_TYPE = YES_ERROR;
				GCC_WARN_UNDECLARED_SELECTOR = YES;
				GCC_WARN_UNINITIALIZED_AUTOS = YES_AGGRESSIVE;
				GCC_WARN_UNUSED_FUNCTION = YES;
				GCC_WARN_UNUSED_VARIABLE = YES;
				IPHONEOS_DEPLOYMENT_TARGET = 12.1;
				MTL_ENABLE_DEBUG_INFO = NO;
				MTL_FAST_MATH = YES;
				SDKROOT = iphoneos;
				SWIFT_COMPILATION_MODE = wholemodule;
				SWIFT_OPTIMIZATION_LEVEL = "-O";
				VALIDATE_PRODUCT = YES;
			};
			name = Release;
		};
		C2E7BBD3230D6DB500C8980A /* Debug */ = {
			isa = XCBuildConfiguration;
			buildSettings = {
				ASSETCATALOG_COMPILER_APPICON_NAME = AppIcon;
				CODE_SIGN_STYLE = Automatic;
				DEVELOPMENT_TEAM = CBG87U85UW;
				INFOPLIST_FILE = "calorie-counter/Info.plist";
				LD_RUNPATH_SEARCH_PATHS = (
					"$(inherited)",
					"@executable_path/Frameworks",
				);
				PRODUCT_BUNDLE_IDENTIFIER = "com.sabinhantu.calorie-counter";
				PRODUCT_NAME = "$(TARGET_NAME)";
				SWIFT_VERSION = 4.2;
				TARGETED_DEVICE_FAMILY = "1,2";
			};
			name = Debug;
		};
		C2E7BBD4230D6DB500C8980A /* Release */ = {
			isa = XCBuildConfiguration;
			buildSettings = {
				ASSETCATALOG_COMPILER_APPICON_NAME = AppIcon;
				CODE_SIGN_STYLE = Automatic;
				DEVELOPMENT_TEAM = CBG87U85UW;
				INFOPLIST_FILE = "calorie-counter/Info.plist";
				LD_RUNPATH_SEARCH_PATHS = (
					"$(inherited)",
					"@executable_path/Frameworks",
				);
				PRODUCT_BUNDLE_IDENTIFIER = "com.sabinhantu.calorie-counter";
				PRODUCT_NAME = "$(TARGET_NAME)";
				SWIFT_VERSION = 4.2;
				TARGETED_DEVICE_FAMILY = "1,2";
			};
			name = Release;
		};
/* End XCBuildConfiguration section */

/* Begin XCConfigurationList section */
		C2E7BBBB230D6DB400C8980A /* Build configuration list for PBXProject "calorie-counter" */ = {
			isa = XCConfigurationList;
			buildConfigurations = (
				C2E7BBD0230D6DB500C8980A /* Debug */,
				C2E7BBD1230D6DB500C8980A /* Release */,
			);
			defaultConfigurationIsVisible = 0;
			defaultConfigurationName = Release;
		};
		C2E7BBD2230D6DB500C8980A /* Build configuration list for PBXNativeTarget "calorie-counter" */ = {
			isa = XCConfigurationList;
			buildConfigurations = (
				C2E7BBD3230D6DB500C8980A /* Debug */,
				C2E7BBD4230D6DB500C8980A /* Release */,
			);
			defaultConfigurationIsVisible = 0;
			defaultConfigurationName = Release;
		};
/* End XCConfigurationList section */
	};
	rootObject = C2E7BBB8230D6DB400C8980A /* Project object */;
}
